
Microsoft Visual Studio Solution File, Format Version 12.00
# Visual Studio 14
VisualStudioVersion = 14.0.25420.1
MinimumVisualStudioVersion = 10.0.40219.1
Project("{FAE04EC0-301F-11D3-BF4B-00C04F79EFBC}") = "GUI", "GUI\GUI.csproj", "{1DC036A2-CF62-4FBF-AF32-03D949D10596}"
EndProject
Project("{FAE04EC0-301F-11D3-BF4B-00C04F79EFBC}") = "Controller", "Controller\Controller.csproj", "{DC20FF2B-4ECE-4818-B1F5-1C82ED654F4F}"
EndProject
Project("{FAE04EC0-301F-11D3-BF4B-00C04F79EFBC}") = "BrowserAnalyzer", "BrowserAnalyzer\BrowserAnalyzer.csproj", "{8A73218E-22FF-497A-A561-48B6F94191E3}"
EndProject
Project("{FAE04EC0-301F-11D3-BF4B-00C04F79EFBC}") = "ChromeAnalyzer", "ChromeAnalyzer\ChromeAnalyzer.csproj", "{E3DA1157-CB3C-4587-B928-FF722777B731}"
EndProject
Project("{FAE04EC0-301F-11D3-BF4B-00C04F79EFBC}") = "SQLite", "SQLite\SQLite.csproj", "{F80F1F43-3216-4ABD-BD2F-ACF9503F429D}"
EndProject
Project("{FAE04EC0-301F-11D3-BF4B-00C04F79EFBC}") = "BLOBDecipher", "BLOBDecipher\BLOBDecipher.csproj", "{AAFDA337-08C1-4619-8681-84844D6C4027}"
EndProject
Project("{FAE04EC0-301F-11D3-BF4B-00C04F79EFBC}") = "FirefoxAnalyser", "FirefoxAnalyser\FirefoxAnalyser.csproj", "{0FE66CCB-D8CD-4032-AF7E-C8E614ABE1CC}"
EndProject
Global
	GlobalSection(SolutionConfigurationPlatforms) = preSolution
		Debug|Any CPU = Debug|Any CPU
		Release|Any CPU = Release|Any CPU
	EndGlobalSection
	GlobalSection(ProjectConfigurationPlatforms) = postSolution
		{1DC036A2-CF62-4FBF-AF32-03D949D10596}.Debug|Any CPU.ActiveCfg = Debug|Any CPU
		{1DC036A2-CF62-4FBF-AF32-03D949D10596}.Debug|Any CPU.Build.0 = Debug|Any CPU
		{1DC036A2-CF62-4FBF-AF32-03D949D10596}.Release|Any CPU.ActiveCfg = Release|Any CPU
		{1DC036A2-CF62-4FBF-AF32-03D949D10596}.Release|Any CPU.Build.0 = Release|Any CPU
		{DC20FF2B-4ECE-4818-B1F5-1C82ED654F4F}.Debug|Any CPU.ActiveCfg = Debug|Any CPU
		{DC20FF2B-4ECE-4818-B1F5-1C82ED654F4F}.Debug|Any CPU.Build.0 = Debug|Any CPU
		{DC20FF2B-4ECE-4818-B1F5-1C82ED654F4F}.Release|Any CPU.ActiveCfg = Release|Any CPU
		{DC20FF2B-4ECE-4818-B1F5-1C82ED654F4F}.Release|Any CPU.Build.0 = Release|Any CPU
		{8A73218E-22FF-497A-A561-48B6F94191E3}.Debug|Any CPU.ActiveCfg = Debug|Any CPU
		{8A73218E-22FF-497A-A561-48B6F94191E3}.Debug|Any CPU.Build.0 = Debug|Any CPU
		{8A73218E-22FF-497A-A561-48B6F94191E3}.Release|Any CPU.ActiveCfg = Release|Any CPU
		{8A73218E-22FF-497A-A561-48B6F94191E3}.Release|Any CPU.Build.0 = Release|Any CPU
		{E3DA1157-CB3C-4587-B928-FF722777B731}.Debug|Any CPU.ActiveCfg = Debug|Any CPU
		{E3DA1157-CB3C-4587-B928-FF722777B731}.Debug|Any CPU.Build.0 = Debug|Any CPU
		{E3DA1157-CB3C-4587-B928-FF722777B731}.Release|Any CPU.ActiveCfg = Release|Any CPU
		{E3DA1157-CB3C-4587-B928-FF722777B731}.Release|Any CPU.Build.0 = Release|Any CPU
		{F80F1F43-3216-4ABD-BD2F-ACF9503F429D}.Debug|Any CPU.ActiveCfg = Debug|Any CPU
		{F80F1F43-3216-4ABD-BD2F-ACF9503F429D}.Debug|Any CPU.Build.0 = Debug|Any CPU
		{F80F1F43-3216-4ABD-BD2F-ACF9503F429D}.Release|Any CPU.ActiveCfg = Release|Any CPU
		{F80F1F43-3216-4ABD-BD2F-ACF9503F429D}.Release|Any CPU.Build.0 = Release|Any CPU
		{AAFDA337-08C1-4619-8681-84844D6C4027}.Debug|Any CPU.ActiveCfg = Debug|Any CPU
		{AAFDA337-08C1-4619-8681-84844D6C4027}.Debug|Any CPU.Build.0 = Debug|Any CPU
		{AAFDA337-08C1-4619-8681-84844D6C4027}.Release|Any CPU.ActiveCfg = Release|Any CPU
		{AAFDA337-08C1-4619-8681-84844D6C4027}.Release|Any CPU.Build.0 = Release|Any CPU
		{0FE66CCB-D8CD-4032-AF7E-C8E614ABE1CC}.Debug|Any CPU.ActiveCfg = Debug|Any CPU
		{0FE66CCB-D8CD-4032-AF7E-C8E614ABE1CC}.Debug|Any CPU.Build.0 = Debug|Any CPU
		{0FE66CCB-D8CD-4032-AF7E-C8E614ABE1CC}.Release|Any CPU.ActiveCfg = Release|Any CPU
		{0FE66CCB-D8CD-4032-AF7E-C8E614ABE1CC}.Release|Any CPU.Build.0 = Release|Any CPU
	EndGlobalSection
	GlobalSection(SolutionProperties) = preSolution
		HideSolutionNode = FALSE
	EndGlobalSection
EndGlobal
